// !$*UTF8*$!
{
	archiveVersion = 1;
	classes = {
	};
	objectVersion = 56;
	objects = {

/* Begin PBXBuildFile section */
		A227A8642A9B5F7E002A4924 /* LeaderBoardView.swift in Sources */ = {isa = PBXBuildFile; fileRef = A227A8632A9B5F7E002A4924 /* LeaderBoardView.swift */; };
		A227A8662A9BB8F1002A4924 /* Record.swift in Sources */ = {isa = PBXBuildFile; fileRef = A227A8652A9BB8F1002A4924 /* Record.swift */; };
		A26B202D2A97BDCB00BC5D26 /* SDWebImageSwiftUI in Frameworks */ = {isa = PBXBuildFile; productRef = A26B202C2A97BDCB00BC5D26 /* SDWebImageSwiftUI */; };
		A26B20322A97BF3700BC5D26 /* centerSquare2.gif in Resources */ = {isa = PBXBuildFile; fileRef = A26B20312A97BF3700BC5D26 /* centerSquare2.gif */; };
		A27CF1762A9F42EA008D1295 /* GameSettingView.swift in Sources */ = {isa = PBXBuildFile; fileRef = A27CF1752A9F42EA008D1295 /* GameSettingView.swift */; };
		A27CF17B2A9F8AC0008D1295 /* DifficultyDropdownMenu.swift in Sources */ = {isa = PBXBuildFile; fileRef = A27CF17A2A9F8AC0008D1295 /* DifficultyDropdownMenu.swift */; };
		A28779F72AA476E600472942 /* Localizable.strings in Resources */ = {isa = PBXBuildFile; fileRef = A28779F92AA476E600472942 /* Localizable.strings */; };
		A288D9102AA4E4B8003EC08C /* centerSquareNight.gif in Resources */ = {isa = PBXBuildFile; fileRef = A288D90F2AA4E4B8003EC08C /* centerSquareNight.gif */; };
		A288D9132AA4E9D3003EC08C /* bgMusic.mp3 in Resources */ = {isa = PBXBuildFile; fileRef = A288D9122AA4E9D3003EC08C /* bgMusic.mp3 */; };
		A288D9162AA4EA28003EC08C /* PlaySound.swift in Sources */ = {isa = PBXBuildFile; fileRef = A288D9152AA4EA28003EC08C /* PlaySound.swift */; };
		A288D9182AA4F125003EC08C /* ClickSound.mp3 in Resources */ = {isa = PBXBuildFile; fileRef = A288D9172AA4F125003EC08C /* ClickSound.mp3 */; };
		A288D91A2AA598F9003EC08C /* enteredProperty.mp3 in Resources */ = {isa = PBXBuildFile; fileRef = A288D9192AA598F9003EC08C /* enteredProperty.mp3 */; };
		A288D91C2AA599B2003EC08C /* buyProperty.mp3 in Resources */ = {isa = PBXBuildFile; fileRef = A288D91B2AA599B1003EC08C /* buyProperty.mp3 */; };
		A288D91E2AA59B34003EC08C /* rentPay.mp3 in Resources */ = {isa = PBXBuildFile; fileRef = A288D91D2AA59B34003EC08C /* rentPay.mp3 */; };
		A288D9202AA5A4C5003EC08C /* bankrupt.mp3 in Resources */ = {isa = PBXBuildFile; fileRef = A288D91F2AA5A4C5003EC08C /* bankrupt.mp3 */; };
		A288D9222AA5A5DA003EC08C /* popSF.mp3 in Resources */ = {isa = PBXBuildFile; fileRef = A288D9212AA5A5DA003EC08C /* popSF.mp3 */; };
		A288D9242AA5A5E0003EC08C /* nextTurn.mp3 in Resources */ = {isa = PBXBuildFile; fileRef = A288D9232AA5A5E0003EC08C /* nextTurn.mp3 */; };
		A288D9262AA5A5FF003EC08C /* buyBuilding.mp3 in Resources */ = {isa = PBXBuildFile; fileRef = A288D9252AA5A5FF003EC08C /* buyBuilding.mp3 */; };
		A288D9282AA5A6F4003EC08C /* winning.mp3 in Resources */ = {isa = PBXBuildFile; fileRef = A288D9272AA5A6F4003EC08C /* winning.mp3 */; };
		A288D92A2AA5A9CC003EC08C /* spinningSF.mp3 in Resources */ = {isa = PBXBuildFile; fileRef = A288D9292AA5A9CC003EC08C /* spinningSF.mp3 */; };
		A29D0ACD2A98488B00C9BB3D /* GameOverView.swift in Sources */ = {isa = PBXBuildFile; fileRef = A29D0ACC2A98488B00C9BB3D /* GameOverView.swift */; };
		A29D0ACF2A98924C00C9BB3D /* GameView.swift in Sources */ = {isa = PBXBuildFile; fileRef = A29D0ACE2A98924C00C9BB3D /* GameView.swift */; };
		A29D0AD12A98926700C9BB3D /* ModeSelectionView.swift in Sources */ = {isa = PBXBuildFile; fileRef = A29D0AD02A98926700C9BB3D /* ModeSelectionView.swift */; };
		A29D0AD42A98B37400C9BB3D /* ResumeGameView.swift in Sources */ = {isa = PBXBuildFile; fileRef = A29D0AD32A98B37400C9BB3D /* ResumeGameView.swift */; };
		A2DC4A2E2AA76AEA00D69E76 /* AchievementView.swift in Sources */ = {isa = PBXBuildFile; fileRef = A2DC4A2D2AA76AEA00D69E76 /* AchievementView.swift */; };
		A2E616002A8FD39200F13A46 /* RuleView.swift in Sources */ = {isa = PBXBuildFile; fileRef = A2E615FF2A8FD39200F13A46 /* RuleView.swift */; };
		A2E616032A8FD78F00F13A46 /* StepLine.swift in Sources */ = {isa = PBXBuildFile; fileRef = A2E616022A8FD78F00F13A46 /* StepLine.swift */; };
		A2E616082A907FFD00F13A46 /* GameData.swift in Sources */ = {isa = PBXBuildFile; fileRef = A2E616072A907FFD00F13A46 /* GameData.swift */; };
		A2E6160A2A91082F00F13A46 /* RentPayView.swift in Sources */ = {isa = PBXBuildFile; fileRef = A2E616092A91082F00F13A46 /* RentPayView.swift */; };
		A2E6160E2A92670B00F13A46 /* BankruptView.swift in Sources */ = {isa = PBXBuildFile; fileRef = A2E6160D2A92670B00F13A46 /* BankruptView.swift */; };
		A2EFD3D22A8B79D400FD33C3 /* MonopolyGameApp.swift in Sources */ = {isa = PBXBuildFile; fileRef = A2EFD3D12A8B79D400FD33C3 /* MonopolyGameApp.swift */; };
		A2EFD3D42A8B79D400FD33C3 /* ContentView.swift in Sources */ = {isa = PBXBuildFile; fileRef = A2EFD3D32A8B79D400FD33C3 /* ContentView.swift */; };
		A2EFD3D62A8B79D500FD33C3 /* Assets.xcassets in Resources */ = {isa = PBXBuildFile; fileRef = A2EFD3D52A8B79D500FD33C3 /* Assets.xcassets */; };
		A2EFD3D92A8B79D500FD33C3 /* Preview Assets.xcassets in Resources */ = {isa = PBXBuildFile; fileRef = A2EFD3D82A8B79D500FD33C3 /* Preview Assets.xcassets */; };
		A2EFD3E22A8B7A0B00FD33C3 /* Property.swift in Sources */ = {isa = PBXBuildFile; fileRef = A2EFD3E12A8B7A0B00FD33C3 /* Property.swift */; };
		A2EFD3E52A8B7A3000FD33C3 /* properties.json in Resources */ = {isa = PBXBuildFile; fileRef = A2EFD3E42A8B7A3000FD33C3 /* properties.json */; };
		A2EFD3E72A8B7A4300FD33C3 /* ModelData.swift in Sources */ = {isa = PBXBuildFile; fileRef = A2EFD3E62A8B7A4300FD33C3 /* ModelData.swift */; };
		A2EFD3E92A8B7A5200FD33C3 /* Player.swift in Sources */ = {isa = PBXBuildFile; fileRef = A2EFD3E82A8B7A5200FD33C3 /* Player.swift */; };
		A2EFD3EC2A8B7A7400FD33C3 /* PlayerTab.swift in Sources */ = {isa = PBXBuildFile; fileRef = A2EFD3EB2A8B7A7400FD33C3 /* PlayerTab.swift */; };
		A2EFD3EF2A8B7AA600FD33C3 /* PropertyIntroView.swift in Sources */ = {isa = PBXBuildFile; fileRef = A2EFD3EE2A8B7AA600FD33C3 /* PropertyIntroView.swift */; };
		A2EFD3F22A8B7ABF00FD33C3 /* DetailView.swift in Sources */ = {isa = PBXBuildFile; fileRef = A2EFD3F12A8B7ABF00FD33C3 /* DetailView.swift */; };
		A2EFD3F52A8B7AD300FD33C3 /* CostLine.swift in Sources */ = {isa = PBXBuildFile; fileRef = A2EFD3F42A8B7AD300FD33C3 /* CostLine.swift */; };
		A2EFD3F72A8B7AE000FD33C3 /* RentLine.swift in Sources */ = {isa = PBXBuildFile; fileRef = A2EFD3F62A8B7AE000FD33C3 /* RentLine.swift */; };
		A2EFD3F92A8B7AF600FD33C3 /* BuildingPriceLine.swift in Sources */ = {isa = PBXBuildFile; fileRef = A2EFD3F82A8B7AF600FD33C3 /* BuildingPriceLine.swift */; };
		A2EFD3FB2A8B7B1600FD33C3 /* StreetDetailView.swift in Sources */ = {isa = PBXBuildFile; fileRef = A2EFD3FA2A8B7B1600FD33C3 /* StreetDetailView.swift */; };
		A2EFD3FD2A8B7B3100FD33C3 /* RailRoadDetailView.swift in Sources */ = {isa = PBXBuildFile; fileRef = A2EFD3FC2A8B7B3100FD33C3 /* RailRoadDetailView.swift */; };
		A2EFD4002A8B7B5300FD33C3 /* CornerView.swift in Sources */ = {isa = PBXBuildFile; fileRef = A2EFD3FF2A8B7B5300FD33C3 /* CornerView.swift */; };
		A2EFD4022A8B7B6900FD33C3 /* CenterSquareView.swift in Sources */ = {isa = PBXBuildFile; fileRef = A2EFD4012A8B7B6900FD33C3 /* CenterSquareView.swift */; };
		A2EFD4042A8B7B7C00FD33C3 /* VerticalCell.swift in Sources */ = {isa = PBXBuildFile; fileRef = A2EFD4032A8B7B7C00FD33C3 /* VerticalCell.swift */; };
		A2EFD4062A8B7B9000FD33C3 /* HorizontalView.swift in Sources */ = {isa = PBXBuildFile; fileRef = A2EFD4052A8B7B9000FD33C3 /* HorizontalView.swift */; };
		A2EFD4092A8B7BAC00FD33C3 /* BoardView.swift in Sources */ = {isa = PBXBuildFile; fileRef = A2EFD4082A8B7BAC00FD33C3 /* BoardView.swift */; };
		A2EFD40C2A8B7BCD00FD33C3 /* DiceRolling.swift in Sources */ = {isa = PBXBuildFile; fileRef = A2EFD40B2A8B7BCD00FD33C3 /* DiceRolling.swift */; };
		A2EFD40F2A8B8C9600FD33C3 /* ViewModifiers.swift in Sources */ = {isa = PBXBuildFile; fileRef = A2EFD40E2A8B8C9600FD33C3 /* ViewModifiers.swift */; };
		A2EFD4122A8BC8BD00FD33C3 /* LinearColors.swift in Sources */ = {isa = PBXBuildFile; fileRef = A2EFD4112A8BC8BD00FD33C3 /* LinearColors.swift */; };
		A2EFD4142A8BDA3600FD33C3 /* ColorConstant.swift in Sources */ = {isa = PBXBuildFile; fileRef = A2EFD4132A8BDA3600FD33C3 /* ColorConstant.swift */; };
		A2EFD4172A8BE83700FD33C3 /* MenuView.swift in Sources */ = {isa = PBXBuildFile; fileRef = A2EFD4162A8BE83700FD33C3 /* MenuView.swift */; };
/* End PBXBuildFile section */

/* Begin PBXFileReference section */
		A227A8632A9B5F7E002A4924 /* LeaderBoardView.swift */ = {isa = PBXFileReference; lastKnownFileType = sourcecode.swift; path = LeaderBoardView.swift; sourceTree = "<group>"; };
		A227A8652A9BB8F1002A4924 /* Record.swift */ = {isa = PBXFileReference; lastKnownFileType = sourcecode.swift; path = Record.swift; sourceTree = "<group>"; };
		A26B20312A97BF3700BC5D26 /* centerSquare2.gif */ = {isa = PBXFileReference; lastKnownFileType = image.gif; path = centerSquare2.gif; sourceTree = "<group>"; };
		A27CF1752A9F42EA008D1295 /* GameSettingView.swift */ = {isa = PBXFileReference; lastKnownFileType = sourcecode.swift; path = GameSettingView.swift; sourceTree = "<group>"; };
		A27CF17A2A9F8AC0008D1295 /* DifficultyDropdownMenu.swift */ = {isa = PBXFileReference; lastKnownFileType = sourcecode.swift; path = DifficultyDropdownMenu.swift; sourceTree = "<group>"; };
		A28779F82AA476E600472942 /* en */ = {isa = PBXFileReference; lastKnownFileType = text.plist.strings; name = en; path = en.lproj/Localizable.strings; sourceTree = "<group>"; };
		A28779FA2AA4777F00472942 /* vi */ = {isa = PBXFileReference; lastKnownFileType = text.plist.strings; name = vi; path = vi.lproj/Localizable.strings; sourceTree = "<group>"; };
		A288D90F2AA4E4B8003EC08C /* centerSquareNight.gif */ = {isa = PBXFileReference; lastKnownFileType = image.gif; path = centerSquareNight.gif; sourceTree = "<group>"; };
		A288D9122AA4E9D3003EC08C /* bgMusic.mp3 */ = {isa = PBXFileReference; lastKnownFileType = audio.mp3; path = bgMusic.mp3; sourceTree = "<group>"; };
		A288D9152AA4EA28003EC08C /* PlaySound.swift */ = {isa = PBXFileReference; lastKnownFileType = sourcecode.swift; path = PlaySound.swift; sourceTree = "<group>"; };
		A288D9172AA4F125003EC08C /* ClickSound.mp3 */ = {isa = PBXFileReference; lastKnownFileType = audio.mp3; path = ClickSound.mp3; sourceTree = "<group>"; };
		A288D9192AA598F9003EC08C /* enteredProperty.mp3 */ = {isa = PBXFileReference; lastKnownFileType = audio.mp3; path = enteredProperty.mp3; sourceTree = "<group>"; };
		A288D91B2AA599B1003EC08C /* buyProperty.mp3 */ = {isa = PBXFileReference; lastKnownFileType = audio.mp3; path = buyProperty.mp3; sourceTree = "<group>"; };
		A288D91D2AA59B34003EC08C /* rentPay.mp3 */ = {isa = PBXFileReference; lastKnownFileType = audio.mp3; path = rentPay.mp3; sourceTree = "<group>"; };
		A288D91F2AA5A4C5003EC08C /* bankrupt.mp3 */ = {isa = PBXFileReference; lastKnownFileType = audio.mp3; path = bankrupt.mp3; sourceTree = "<group>"; };
		A288D9212AA5A5DA003EC08C /* popSF.mp3 */ = {isa = PBXFileReference; lastKnownFileType = audio.mp3; path = popSF.mp3; sourceTree = "<group>"; };
		A288D9232AA5A5E0003EC08C /* nextTurn.mp3 */ = {isa = PBXFileReference; lastKnownFileType = audio.mp3; path = nextTurn.mp3; sourceTree = "<group>"; };
		A288D9252AA5A5FF003EC08C /* buyBuilding.mp3 */ = {isa = PBXFileReference; lastKnownFileType = audio.mp3; path = buyBuilding.mp3; sourceTree = "<group>"; };
		A288D9272AA5A6F4003EC08C /* winning.mp3 */ = {isa = PBXFileReference; lastKnownFileType = audio.mp3; path = winning.mp3; sourceTree = "<group>"; };
		A288D9292AA5A9CC003EC08C /* spinningSF.mp3 */ = {isa = PBXFileReference; lastKnownFileType = audio.mp3; path = spinningSF.mp3; sourceTree = "<group>"; };
		A29D0ACC2A98488B00C9BB3D /* GameOverView.swift */ = {isa = PBXFileReference; lastKnownFileType = sourcecode.swift; path = GameOverView.swift; sourceTree = "<group>"; };
		A29D0ACE2A98924C00C9BB3D /* GameView.swift */ = {isa = PBXFileReference; lastKnownFileType = sourcecode.swift; path = GameView.swift; sourceTree = "<group>"; };
		A29D0AD02A98926700C9BB3D /* ModeSelectionView.swift */ = {isa = PBXFileReference; lastKnownFileType = sourcecode.swift; path = ModeSelectionView.swift; sourceTree = "<group>"; };
		A29D0AD32A98B37400C9BB3D /* ResumeGameView.swift */ = {isa = PBXFileReference; lastKnownFileType = sourcecode.swift; path = ResumeGameView.swift; sourceTree = "<group>"; };
		A2DC4A2D2AA76AEA00D69E76 /* AchievementView.swift */ = {isa = PBXFileReference; lastKnownFileType = sourcecode.swift; path = AchievementView.swift; sourceTree = "<group>"; };
		A2E615FF2A8FD39200F13A46 /* RuleView.swift */ = {isa = PBXFileReference; lastKnownFileType = sourcecode.swift; path = RuleView.swift; sourceTree = "<group>"; };
		A2E616022A8FD78F00F13A46 /* StepLine.swift */ = {isa = PBXFileReference; lastKnownFileType = sourcecode.swift; path = StepLine.swift; sourceTree = "<group>"; };
		A2E616072A907FFD00F13A46 /* GameData.swift */ = {isa = PBXFileReference; lastKnownFileType = sourcecode.swift; path = GameData.swift; sourceTree = "<group>"; };
		A2E616092A91082F00F13A46 /* RentPayView.swift */ = {isa = PBXFileReference; lastKnownFileType = sourcecode.swift; path = RentPayView.swift; sourceTree = "<group>"; };
		A2E6160D2A92670B00F13A46 /* BankruptView.swift */ = {isa = PBXFileReference; lastKnownFileType = sourcecode.swift; path = BankruptView.swift; sourceTree = "<group>"; };
		A2EFD3CE2A8B79D400FD33C3 /* MonopolyGame.app */ = {isa = PBXFileReference; explicitFileType = wrapper.application; includeInIndex = 0; path = MonopolyGame.app; sourceTree = BUILT_PRODUCTS_DIR; };
		A2EFD3D12A8B79D400FD33C3 /* MonopolyGameApp.swift */ = {isa = PBXFileReference; lastKnownFileType = sourcecode.swift; path = MonopolyGameApp.swift; sourceTree = "<group>"; };
		A2EFD3D32A8B79D400FD33C3 /* ContentView.swift */ = {isa = PBXFileReference; lastKnownFileType = sourcecode.swift; path = ContentView.swift; sourceTree = "<group>"; };
		A2EFD3D52A8B79D500FD33C3 /* Assets.xcassets */ = {isa = PBXFileReference; lastKnownFileType = folder.assetcatalog; path = Assets.xcassets; sourceTree = "<group>"; };
		A2EFD3D82A8B79D500FD33C3 /* Preview Assets.xcassets */ = {isa = PBXFileReference; lastKnownFileType = folder.assetcatalog; path = "Preview Assets.xcassets"; sourceTree = "<group>"; };
		A2EFD3E12A8B7A0B00FD33C3 /* Property.swift */ = {isa = PBXFileReference; lastKnownFileType = sourcecode.swift; path = Property.swift; sourceTree = "<group>"; };
		A2EFD3E42A8B7A3000FD33C3 /* properties.json */ = {isa = PBXFileReference; lastKnownFileType = text.json; path = properties.json; sourceTree = "<group>"; };
		A2EFD3E62A8B7A4300FD33C3 /* ModelData.swift */ = {isa = PBXFileReference; lastKnownFileType = sourcecode.swift; path = ModelData.swift; sourceTree = "<group>"; };
		A2EFD3E82A8B7A5200FD33C3 /* Player.swift */ = {isa = PBXFileReference; lastKnownFileType = sourcecode.swift; path = Player.swift; sourceTree = "<group>"; };
		A2EFD3EB2A8B7A7400FD33C3 /* PlayerTab.swift */ = {isa = PBXFileReference; lastKnownFileType = sourcecode.swift; path = PlayerTab.swift; sourceTree = "<group>"; };
		A2EFD3EE2A8B7AA600FD33C3 /* PropertyIntroView.swift */ = {isa = PBXFileReference; lastKnownFileType = sourcecode.swift; path = PropertyIntroView.swift; sourceTree = "<group>"; };
		A2EFD3F12A8B7ABF00FD33C3 /* DetailView.swift */ = {isa = PBXFileReference; lastKnownFileType = sourcecode.swift; path = DetailView.swift; sourceTree = "<group>"; };
		A2EFD3F42A8B7AD300FD33C3 /* CostLine.swift */ = {isa = PBXFileReference; lastKnownFileType = sourcecode.swift; path = CostLine.swift; sourceTree = "<group>"; };
		A2EFD3F62A8B7AE000FD33C3 /* RentLine.swift */ = {isa = PBXFileReference; lastKnownFileType = sourcecode.swift; path = RentLine.swift; sourceTree = "<group>"; };
		A2EFD3F82A8B7AF600FD33C3 /* BuildingPriceLine.swift */ = {isa = PBXFileReference; lastKnownFileType = sourcecode.swift; path = BuildingPriceLine.swift; sourceTree = "<group>"; };
		A2EFD3FA2A8B7B1600FD33C3 /* StreetDetailView.swift */ = {isa = PBXFileReference; lastKnownFileType = sourcecode.swift; path = StreetDetailView.swift; sourceTree = "<group>"; };
		A2EFD3FC2A8B7B3100FD33C3 /* RailRoadDetailView.swift */ = {isa = PBXFileReference; lastKnownFileType = sourcecode.swift; path = RailRoadDetailView.swift; sourceTree = "<group>"; };
		A2EFD3FF2A8B7B5300FD33C3 /* CornerView.swift */ = {isa = PBXFileReference; lastKnownFileType = sourcecode.swift; path = CornerView.swift; sourceTree = "<group>"; };
		A2EFD4012A8B7B6900FD33C3 /* CenterSquareView.swift */ = {isa = PBXFileReference; lastKnownFileType = sourcecode.swift; path = CenterSquareView.swift; sourceTree = "<group>"; };
		A2EFD4032A8B7B7C00FD33C3 /* VerticalCell.swift */ = {isa = PBXFileReference; lastKnownFileType = sourcecode.swift; path = VerticalCell.swift; sourceTree = "<group>"; };
		A2EFD4052A8B7B9000FD33C3 /* HorizontalView.swift */ = {isa = PBXFileReference; lastKnownFileType = sourcecode.swift; path = HorizontalView.swift; sourceTree = "<group>"; };
		A2EFD4082A8B7BAC00FD33C3 /* BoardView.swift */ = {isa = PBXFileReference; lastKnownFileType = sourcecode.swift; path = BoardView.swift; sourceTree = "<group>"; };
		A2EFD40B2A8B7BCD00FD33C3 /* DiceRolling.swift */ = {isa = PBXFileReference; lastKnownFileType = sourcecode.swift; path = DiceRolling.swift; sourceTree = "<group>"; };
		A2EFD40E2A8B8C9600FD33C3 /* ViewModifiers.swift */ = {isa = PBXFileReference; lastKnownFileType = sourcecode.swift; path = ViewModifiers.swift; sourceTree = "<group>"; };
		A2EFD4112A8BC8BD00FD33C3 /* LinearColors.swift */ = {isa = PBXFileReference; lastKnownFileType = sourcecode.swift; path = LinearColors.swift; sourceTree = "<group>"; };
		A2EFD4132A8BDA3600FD33C3 /* ColorConstant.swift */ = {isa = PBXFileReference; lastKnownFileType = sourcecode.swift; path = ColorConstant.swift; sourceTree = "<group>"; };
		A2EFD4162A8BE83700FD33C3 /* MenuView.swift */ = {isa = PBXFileReference; lastKnownFileType = sourcecode.swift; path = MenuView.swift; sourceTree = "<group>"; };
/* End PBXFileReference section */

/* Begin PBXFrameworksBuildPhase section */
		A2EFD3CB2A8B79D400FD33C3 /* Frameworks */ = {
			isa = PBXFrameworksBuildPhase;
			buildActionMask = 2147483647;
			files = (
				A26B202D2A97BDCB00BC5D26 /* SDWebImageSwiftUI in Frameworks */,
			);
			runOnlyForDeploymentPostprocessing = 0;
		};
/* End PBXFrameworksBuildPhase section */

/* Begin PBXGroup section */
		A227A8622A9B5F6C002A4924 /* SubViews */ = {
			isa = PBXGroup;
			children = (
				A227A8632A9B5F7E002A4924 /* LeaderBoardView.swift */,
				A2DC4A2D2AA76AEA00D69E76 /* AchievementView.swift */,
			);
			path = SubViews;
			sourceTree = "<group>";
		};
		A227A8672A9C5CDC002A4924 /* ViewModel */ = {
			isa = PBXGroup;
			children = (
				A2E616072A907FFD00F13A46 /* GameData.swift */,
			);
			path = ViewModel;
			sourceTree = "<group>";
		};
		A26B202E2A97BE5F00BC5D26 /* Gifs */ = {
			isa = PBXGroup;
			children = (
				A288D90F2AA4E4B8003EC08C /* centerSquareNight.gif */,
				A26B20312A97BF3700BC5D26 /* centerSquare2.gif */,
			);
			path = Gifs;
			sourceTree = "<group>";
		};
		A27CF1742A9F42D7008D1295 /* GameSettingView */ = {
			isa = PBXGroup;
			children = (
				A27CF1772A9F494F008D1295 /* SubViews */,
				A27CF1752A9F42EA008D1295 /* GameSettingView.swift */,
			);
			path = GameSettingView;
			sourceTree = "<group>";
		};
		A27CF1772A9F494F008D1295 /* SubViews */ = {
			isa = PBXGroup;
			children = (
				A27CF17A2A9F8AC0008D1295 /* DifficultyDropdownMenu.swift */,
			);
			path = SubViews;
			sourceTree = "<group>";
		};
		A288D9112AA4E9C2003EC08C /* Sounds */ = {
			isa = PBXGroup;
			children = (
				A288D9122AA4E9D3003EC08C /* bgMusic.mp3 */,
				A288D9172AA4F125003EC08C /* ClickSound.mp3 */,
				A288D9192AA598F9003EC08C /* enteredProperty.mp3 */,
				A288D9212AA5A5DA003EC08C /* popSF.mp3 */,
				A288D9272AA5A6F4003EC08C /* winning.mp3 */,
				A288D91F2AA5A4C5003EC08C /* bankrupt.mp3 */,
				A288D91D2AA59B34003EC08C /* rentPay.mp3 */,
				A288D9252AA5A5FF003EC08C /* buyBuilding.mp3 */,
				A288D9292AA5A9CC003EC08C /* spinningSF.mp3 */,
				A288D9232AA5A5E0003EC08C /* nextTurn.mp3 */,
				A288D91B2AA599B1003EC08C /* buyProperty.mp3 */,
			);
			path = Sounds;
			sourceTree = "<group>";
		};
		A288D9142AA4EA12003EC08C /* Helpers */ = {
			isa = PBXGroup;
			children = (
				A2EFD40D2A8B8C8100FD33C3 /* ViewModifiers */,
				A288D9152AA4EA28003EC08C /* PlaySound.swift */,
			);
			path = Helpers;
			sourceTree = "<group>";
		};
		A288D92B2AA62328003EC08C /* GamePlayViews */ = {
			isa = PBXGroup;
			children = (
				A288D92C2AA6237F003EC08C /* Components */,
				A2E6160C2A9266FA00F13A46 /* BankruptView */,
				A2E6160B2A91083500F13A46 /* RentPayView */,
				A2EFD3F02A8B7AB000FD33C3 /* DetailView */,
				A2EFD4072A8B7B9A00FD33C3 /* BoardView */,
				A2EFD3ED2A8B7A8D00FD33C3 /* PropertyIntroView */,
				A2EFD40A2A8B7BBC00FD33C3 /* DiceRollingView */,
				A2E616102A927BF800F13A46 /* GameOverView */,
			);
			path = GamePlayViews;
			sourceTree = "<group>";
		};
		A288D92C2AA6237F003EC08C /* Components */ = {
			isa = PBXGroup;
			children = (
				A2EFD3EA2A8B7A6700FD33C3 /* PlayerTab */,
				A2EFD3FE2A8B7B4000FD33C3 /* CellView */,
			);
			path = Components;
			sourceTree = "<group>";
		};
		A29D0ACB2A98487000C9BB3D /* GameView */ = {
			isa = PBXGroup;
			children = (
				A29D0AD22A98926B00C9BB3D /* SubView */,
				A29D0ACE2A98924C00C9BB3D /* GameView.swift */,
			);
			path = GameView;
			sourceTree = "<group>";
		};
		A29D0AD22A98926B00C9BB3D /* SubView */ = {
			isa = PBXGroup;
			children = (
				A29D0AD02A98926700C9BB3D /* ModeSelectionView.swift */,
				A29D0AD32A98B37400C9BB3D /* ResumeGameView.swift */,
			);
			path = SubView;
			sourceTree = "<group>";
		};
		A2E615FE2A8FD38200F13A46 /* RuleView */ = {
			isa = PBXGroup;
			children = (
				A2E616012A8FD77D00F13A46 /* SubViews */,
				A2E615FF2A8FD39200F13A46 /* RuleView.swift */,
			);
			path = RuleView;
			sourceTree = "<group>";
		};
		A2E616012A8FD77D00F13A46 /* SubViews */ = {
			isa = PBXGroup;
			children = (
				A2E616022A8FD78F00F13A46 /* StepLine.swift */,
			);
			path = SubViews;
			sourceTree = "<group>";
		};
		A2E6160B2A91083500F13A46 /* RentPayView */ = {
			isa = PBXGroup;
			children = (
				A2E616092A91082F00F13A46 /* RentPayView.swift */,
			);
			path = RentPayView;
			sourceTree = "<group>";
		};
		A2E6160C2A9266FA00F13A46 /* BankruptView */ = {
			isa = PBXGroup;
			children = (
				A2E6160D2A92670B00F13A46 /* BankruptView.swift */,
			);
			path = BankruptView;
			sourceTree = "<group>";
		};
		A2E616102A927BF800F13A46 /* GameOverView */ = {
			isa = PBXGroup;
			children = (
				A29D0ACC2A98488B00C9BB3D /* GameOverView.swift */,
			);
			path = GameOverView;
			sourceTree = "<group>";
		};
		A2EFD3C52A8B79D400FD33C3 = {
			isa = PBXGroup;
			children = (
				A2EFD3D02A8B79D400FD33C3 /* MonopolyGame */,
				A2EFD3CF2A8B79D400FD33C3 /* Products */,
			);
			sourceTree = "<group>";
		};
		A2EFD3CF2A8B79D400FD33C3 /* Products */ = {
			isa = PBXGroup;
			children = (
				A2EFD3CE2A8B79D400FD33C3 /* MonopolyGame.app */,
			);
			name = Products;
			sourceTree = "<group>";
		};
		A2EFD3D02A8B79D400FD33C3 /* MonopolyGame */ = {
			isa = PBXGroup;
			children = (
				A28779F92AA476E600472942 /* Localizable.strings */,
				A288D9142AA4EA12003EC08C /* Helpers */,
				A227A8672A9C5CDC002A4924 /* ViewModel */,
				A2EFD3E02A8B79F500FD33C3 /* Model */,
				A2EFD3DF2A8B79EA00FD33C3 /* Views */,
				A2EFD3D12A8B79D400FD33C3 /* MonopolyGameApp.swift */,
				A2EFD3D32A8B79D400FD33C3 /* ContentView.swift */,
				A2EFD3D52A8B79D500FD33C3 /* Assets.xcassets */,
				A2EFD3D72A8B79D500FD33C3 /* Preview Content */,
			);
			path = MonopolyGame;
			sourceTree = "<group>";
		};
		A2EFD3D72A8B79D500FD33C3 /* Preview Content */ = {
			isa = PBXGroup;
			children = (
				A2EFD3D82A8B79D500FD33C3 /* Preview Assets.xcassets */,
			);
			path = "Preview Content";
			sourceTree = "<group>";
		};
		A2EFD3DF2A8B79EA00FD33C3 /* Views */ = {
			isa = PBXGroup;
			children = (
				A288D92B2AA62328003EC08C /* GamePlayViews */,
				A27CF1742A9F42D7008D1295 /* GameSettingView */,
				A29D0ACB2A98487000C9BB3D /* GameView */,
				A2E615FE2A8FD38200F13A46 /* RuleView */,
				A2EFD4152A8BE81800FD33C3 /* MenuView */,
			);
			path = Views;
			sourceTree = "<group>";
		};
		A2EFD3E02A8B79F500FD33C3 /* Model */ = {
			isa = PBXGroup;
			children = (
				A288D9112AA4E9C2003EC08C /* Sounds */,
				A26B202E2A97BE5F00BC5D26 /* Gifs */,
				A2EFD4102A8BC8A400FD33C3 /* Colors */,
				A2EFD3E32A8B7A1800FD33C3 /* dataFile */,
				A2EFD3E12A8B7A0B00FD33C3 /* Property.swift */,
				A2EFD3E62A8B7A4300FD33C3 /* ModelData.swift */,
				A2EFD3E82A8B7A5200FD33C3 /* Player.swift */,
				A227A8652A9BB8F1002A4924 /* Record.swift */,
			);
			path = Model;
			sourceTree = "<group>";
		};
		A2EFD3E32A8B7A1800FD33C3 /* dataFile */ = {
			isa = PBXGroup;
			children = (
				A2EFD3E42A8B7A3000FD33C3 /* properties.json */,
			);
			path = dataFile;
			sourceTree = "<group>";
		};
		A2EFD3EA2A8B7A6700FD33C3 /* PlayerTab */ = {
			isa = PBXGroup;
			children = (
				A2EFD3EB2A8B7A7400FD33C3 /* PlayerTab.swift */,
			);
			path = PlayerTab;
			sourceTree = "<group>";
		};
		A2EFD3ED2A8B7A8D00FD33C3 /* PropertyIntroView */ = {
			isa = PBXGroup;
			children = (
				A2EFD3EE2A8B7AA600FD33C3 /* PropertyIntroView.swift */,
			);
			path = PropertyIntroView;
			sourceTree = "<group>";
		};
		A2EFD3F02A8B7AB000FD33C3 /* DetailView */ = {
			isa = PBXGroup;
			children = (
				A2EFD3F32A8B7AC400FD33C3 /* SubViews */,
				A2EFD3F12A8B7ABF00FD33C3 /* DetailView.swift */,
			);
			path = DetailView;
			sourceTree = "<group>";
		};
		A2EFD3F32A8B7AC400FD33C3 /* SubViews */ = {
			isa = PBXGroup;
			children = (
				A2EFD3F42A8B7AD300FD33C3 /* CostLine.swift */,
				A2EFD3F62A8B7AE000FD33C3 /* RentLine.swift */,
				A2EFD3F82A8B7AF600FD33C3 /* BuildingPriceLine.swift */,
				A2EFD3FA2A8B7B1600FD33C3 /* StreetDetailView.swift */,
				A2EFD3FC2A8B7B3100FD33C3 /* RailRoadDetailView.swift */,
			);
			path = SubViews;
			sourceTree = "<group>";
		};
		A2EFD3FE2A8B7B4000FD33C3 /* CellView */ = {
			isa = PBXGroup;
			children = (
				A2EFD3FF2A8B7B5300FD33C3 /* CornerView.swift */,
				A2EFD4012A8B7B6900FD33C3 /* CenterSquareView.swift */,
				A2EFD4032A8B7B7C00FD33C3 /* VerticalCell.swift */,
				A2EFD4052A8B7B9000FD33C3 /* HorizontalView.swift */,
			);
			path = CellView;
			sourceTree = "<group>";
		};
		A2EFD4072A8B7B9A00FD33C3 /* BoardView */ = {
			isa = PBXGroup;
			children = (
				A2EFD4082A8B7BAC00FD33C3 /* BoardView.swift */,
			);
			path = BoardView;
			sourceTree = "<group>";
		};
		A2EFD40A2A8B7BBC00FD33C3 /* DiceRollingView */ = {
			isa = PBXGroup;
			children = (
				A2EFD40B2A8B7BCD00FD33C3 /* DiceRolling.swift */,
			);
			path = DiceRollingView;
			sourceTree = "<group>";
		};
		A2EFD40D2A8B8C8100FD33C3 /* ViewModifiers */ = {
			isa = PBXGroup;
			children = (
				A2EFD40E2A8B8C9600FD33C3 /* ViewModifiers.swift */,
			);
			path = ViewModifiers;
			sourceTree = "<group>";
		};
		A2EFD4102A8BC8A400FD33C3 /* Colors */ = {
			isa = PBXGroup;
			children = (
				A2EFD4112A8BC8BD00FD33C3 /* LinearColors.swift */,
				A2EFD4132A8BDA3600FD33C3 /* ColorConstant.swift */,
			);
			path = Colors;
			sourceTree = "<group>";
		};
		A2EFD4152A8BE81800FD33C3 /* MenuView */ = {
			isa = PBXGroup;
			children = (
				A227A8622A9B5F6C002A4924 /* SubViews */,
				A2EFD4162A8BE83700FD33C3 /* MenuView.swift */,
			);
			path = MenuView;
			sourceTree = "<group>";
		};
/* End PBXGroup section */

/* Begin PBXNativeTarget section */
		A2EFD3CD2A8B79D400FD33C3 /* MonopolyGame */ = {
			isa = PBXNativeTarget;
			buildConfigurationList = A2EFD3DC2A8B79D500FD33C3 /* Build configuration list for PBXNativeTarget "MonopolyGame" */;
			buildPhases = (
				A2EFD3CA2A8B79D400FD33C3 /* Sources */,
				A2EFD3CB2A8B79D400FD33C3 /* Frameworks */,
				A2EFD3CC2A8B79D400FD33C3 /* Resources */,
			);
			buildRules = (
			);
			dependencies = (
			);
			name = MonopolyGame;
			packageProductDependencies = (
				A26B202C2A97BDCB00BC5D26 /* SDWebImageSwiftUI */,
			);
			productName = MonopolyGame;
			productReference = A2EFD3CE2A8B79D400FD33C3 /* MonopolyGame.app */;
			productType = "com.apple.product-type.application";
		};
/* End PBXNativeTarget section */

/* Begin PBXProject section */
		A2EFD3C62A8B79D400FD33C3 /* Project object */ = {
			isa = PBXProject;
			attributes = {
				BuildIndependentTargetsInParallel = 1;
				LastSwiftUpdateCheck = 1430;
				LastUpgradeCheck = 1430;
				TargetAttributes = {
					A2EFD3CD2A8B79D400FD33C3 = {
						CreatedOnToolsVersion = 14.3.1;
					};
				};
			};
			buildConfigurationList = A2EFD3C92A8B79D400FD33C3 /* Build configuration list for PBXProject "MonopolyGame" */;
			compatibilityVersion = "Xcode 14.0";
			developmentRegion = en;
			hasScannedForEncodings = 0;
			knownRegions = (
				en,
				Base,
				vi,
			);
			mainGroup = A2EFD3C52A8B79D400FD33C3;
			packageReferences = (
				A26B202B2A97BDCB00BC5D26 /* XCRemoteSwiftPackageReference "SDWebImageSwiftUI" */,
			);
			productRefGroup = A2EFD3CF2A8B79D400FD33C3 /* Products */;
			projectDirPath = "";
			projectRoot = "";
			targets = (
				A2EFD3CD2A8B79D400FD33C3 /* MonopolyGame */,
			);
		};
/* End PBXProject section */

/* Begin PBXResourcesBuildPhase section */
		A2EFD3CC2A8B79D400FD33C3 /* Resources */ = {
			isa = PBXResourcesBuildPhase;
			buildActionMask = 2147483647;
			files = (
				A288D91C2AA599B2003EC08C /* buyProperty.mp3 in Resources */,
				A2EFD3D92A8B79D500FD33C3 /* Preview Assets.xcassets in Resources */,
				A28779F72AA476E600472942 /* Localizable.strings in Resources */,
				A288D9282AA5A6F4003EC08C /* winning.mp3 in Resources */,
				A288D91A2AA598F9003EC08C /* enteredProperty.mp3 in Resources */,
				A288D9262AA5A5FF003EC08C /* buyBuilding.mp3 in Resources */,
				A288D9132AA4E9D3003EC08C /* bgMusic.mp3 in Resources */,
				A288D91E2AA59B34003EC08C /* rentPay.mp3 in Resources */,
				A288D9222AA5A5DA003EC08C /* popSF.mp3 in Resources */,
				A288D9182AA4F125003EC08C /* ClickSound.mp3 in Resources */,
				A288D9242AA5A5E0003EC08C /* nextTurn.mp3 in Resources */,
				A2EFD3E52A8B7A3000FD33C3 /* properties.json in Resources */,
				A288D92A2AA5A9CC003EC08C /* spinningSF.mp3 in Resources */,
				A26B20322A97BF3700BC5D26 /* centerSquare2.gif in Resources */,
				A288D9202AA5A4C5003EC08C /* bankrupt.mp3 in Resources */,
				A2EFD3D62A8B79D500FD33C3 /* Assets.xcassets in Resources */,
				A288D9102AA4E4B8003EC08C /* centerSquareNight.gif in Resources */,
			);
			runOnlyForDeploymentPostprocessing = 0;
		};
/* End PBXResourcesBuildPhase section */

/* Begin PBXSourcesBuildPhase section */
		A2EFD3CA2A8B79D400FD33C3 /* Sources */ = {
			isa = PBXSourcesBuildPhase;
			buildActionMask = 2147483647;
			files = (
				A2EFD4172A8BE83700FD33C3 /* MenuView.swift in Sources */,
				A2EFD3FD2A8B7B3100FD33C3 /* RailRoadDetailView.swift in Sources */,
				A2E6160A2A91082F00F13A46 /* RentPayView.swift in Sources */,
				A2EFD3FB2A8B7B1600FD33C3 /* StreetDetailView.swift in Sources */,
				A2EFD3EC2A8B7A7400FD33C3 /* PlayerTab.swift in Sources */,
				A2EFD3F22A8B7ABF00FD33C3 /* DetailView.swift in Sources */,
				A2EFD3F72A8B7AE000FD33C3 /* RentLine.swift in Sources */,
				A2EFD4142A8BDA3600FD33C3 /* ColorConstant.swift in Sources */,
				A2E616082A907FFD00F13A46 /* GameData.swift in Sources */,
				A2EFD3E22A8B7A0B00FD33C3 /* Property.swift in Sources */,
				A29D0ACD2A98488B00C9BB3D /* GameOverView.swift in Sources */,
				A2EFD3E72A8B7A4300FD33C3 /* ModelData.swift in Sources */,
				A2EFD4042A8B7B7C00FD33C3 /* VerticalCell.swift in Sources */,
				A2EFD3D42A8B79D400FD33C3 /* ContentView.swift in Sources */,
				A2EFD3F52A8B7AD300FD33C3 /* CostLine.swift in Sources */,
				A27CF1762A9F42EA008D1295 /* GameSettingView.swift in Sources */,
				A2E616002A8FD39200F13A46 /* RuleView.swift in Sources */,
				A2EFD4002A8B7B5300FD33C3 /* CornerView.swift in Sources */,
				A2EFD3E92A8B7A5200FD33C3 /* Player.swift in Sources */,
				A288D9162AA4EA28003EC08C /* PlaySound.swift in Sources */,
				A2DC4A2E2AA76AEA00D69E76 /* AchievementView.swift in Sources */,
				A2EFD4062A8B7B9000FD33C3 /* HorizontalView.swift in Sources */,
				A2E616032A8FD78F00F13A46 /* StepLine.swift in Sources */,
				A227A8642A9B5F7E002A4924 /* LeaderBoardView.swift in Sources */,
				A29D0AD42A98B37400C9BB3D /* ResumeGameView.swift in Sources */,
				A2EFD3F92A8B7AF600FD33C3 /* BuildingPriceLine.swift in Sources */,
				A2EFD40C2A8B7BCD00FD33C3 /* DiceRolling.swift in Sources */,
				A2EFD40F2A8B8C9600FD33C3 /* ViewModifiers.swift in Sources */,
				A2E6160E2A92670B00F13A46 /* BankruptView.swift in Sources */,
				A29D0AD12A98926700C9BB3D /* ModeSelectionView.swift in Sources */,
				A2EFD3EF2A8B7AA600FD33C3 /* PropertyIntroView.swift in Sources */,
				A2EFD4092A8B7BAC00FD33C3 /* BoardView.swift in Sources */,
				A2EFD4122A8BC8BD00FD33C3 /* LinearColors.swift in Sources */,
				A27CF17B2A9F8AC0008D1295 /* DifficultyDropdownMenu.swift in Sources */,
				A2EFD4022A8B7B6900FD33C3 /* CenterSquareView.swift in Sources */,
				A227A8662A9BB8F1002A4924 /* Record.swift in Sources */,
				A29D0ACF2A98924C00C9BB3D /* GameView.swift in Sources */,
				A2EFD3D22A8B79D400FD33C3 /* MonopolyGameApp.swift in Sources */,
			);
			runOnlyForDeploymentPostprocessing = 0;
		};
/* End PBXSourcesBuildPhase section */

/* Begin PBXVariantGroup section */
		A28779F92AA476E600472942 /* Localizable.strings */ = {
			isa = PBXVariantGroup;
			children = (
				A28779F82AA476E600472942 /* en */,
				A28779FA2AA4777F00472942 /* vi */,
			);
			name = Localizable.strings;
			sourceTree = "<group>";
		};
/* End PBXVariantGroup section */

/* Begin XCBuildConfiguration section */
		A2EFD3DA2A8B79D500FD33C3 /* Debug */ = {
			isa = XCBuildConfiguration;
			buildSettings = {
				ALWAYS_SEARCH_USER_PATHS = NO;
				CLANG_ANALYZER_LOCALIZABILITY_NONLOCALIZED = YES;
				CLANG_ANALYZER_NONNULL = YES;
				CLANG_ANALYZER_NUMBER_OBJECT_CONVERSION = YES_AGGRESSIVE;
				CLANG_CXX_LANGUAGE_STANDARD = "gnu++20";
				CLANG_ENABLE_MODULES = YES;
				CLANG_ENABLE_OBJC_ARC = YES;
				CLANG_ENABLE_OBJC_WEAK = YES;
				CLANG_WARN_BLOCK_CAPTURE_AUTORELEASING = YES;
				CLANG_WARN_BOOL_CONVERSION = YES;
				CLANG_WARN_COMMA = YES;
				CLANG_WARN_CONSTANT_CONVERSION = YES;
				CLANG_WARN_DEPRECATED_OBJC_IMPLEMENTATIONS = YES;
				CLANG_WARN_DIRECT_OBJC_ISA_USAGE = YES_ERROR;
				CLANG_WARN_DOCUMENTATION_COMMENTS = YES;
				CLANG_WARN_EMPTY_BODY = YES;
				CLANG_WARN_ENUM_CONVERSION = YES;
				CLANG_WARN_INFINITE_RECURSION = YES;
				CLANG_WARN_INT_CONVERSION = YES;
				CLANG_WARN_NON_LITERAL_NULL_CONVERSION = YES;
				CLANG_WARN_OBJC_IMPLICIT_RETAIN_SELF = YES;
				CLANG_WARN_OBJC_LITERAL_CONVERSION = YES;
				CLANG_WARN_OBJC_ROOT_CLASS = YES_ERROR;
				CLANG_WARN_QUOTED_INCLUDE_IN_FRAMEWORK_HEADER = YES;
				CLANG_WARN_RANGE_LOOP_ANALYSIS = YES;
				CLANG_WARN_STRICT_PROTOTYPES = YES;
				CLANG_WARN_SUSPICIOUS_MOVE = YES;
				CLANG_WARN_UNGUARDED_AVAILABILITY = YES_AGGRESSIVE;
				CLANG_WARN_UNREACHABLE_CODE = YES;
				CLANG_WARN__DUPLICATE_METHOD_MATCH = YES;
				COPY_PHASE_STRIP = NO;
				DEBUG_INFORMATION_FORMAT = dwarf;
				ENABLE_STRICT_OBJC_MSGSEND = YES;
				ENABLE_TESTABILITY = YES;
				GCC_C_LANGUAGE_STANDARD = gnu11;
				GCC_DYNAMIC_NO_PIC = NO;
				GCC_NO_COMMON_BLOCKS = YES;
				GCC_OPTIMIZATION_LEVEL = 0;
				GCC_PREPROCESSOR_DEFINITIONS = (
					"DEBUG=1",
					"$(inherited)",
				);
				GCC_WARN_64_TO_32_BIT_CONVERSION = YES;
				GCC_WARN_ABOUT_RETURN_TYPE = YES_ERROR;
				GCC_WARN_UNDECLARED_SELECTOR = YES;
				GCC_WARN_UNINITIALIZED_AUTOS = YES_AGGRESSIVE;
				GCC_WARN_UNUSED_FUNCTION = YES;
				GCC_WARN_UNUSED_VARIABLE = YES;
				IPHONEOS_DEPLOYMENT_TARGET = 16.4;
				MTL_ENABLE_DEBUG_INFO = INCLUDE_SOURCE;
				MTL_FAST_MATH = YES;
				ONLY_ACTIVE_ARCH = YES;
				SDKROOT = iphoneos;
				SWIFT_ACTIVE_COMPILATION_CONDITIONS = DEBUG;
				SWIFT_OPTIMIZATION_LEVEL = "-Onone";
			};
			name = Debug;
		};
		A2EFD3DB2A8B79D500FD33C3 /* Release */ = {
			isa = XCBuildConfiguration;
			buildSettings = {
				ALWAYS_SEARCH_USER_PATHS = NO;
				CLANG_ANALYZER_LOCALIZABILITY_NONLOCALIZED = YES;
				CLANG_ANALYZER_NONNULL = YES;
				CLANG_ANALYZER_NUMBER_OBJECT_CONVERSION = YES_AGGRESSIVE;
				CLANG_CXX_LANGUAGE_STANDARD = "gnu++20";
				CLANG_ENABLE_MODULES = YES;
				CLANG_ENABLE_OBJC_ARC = YES;
				CLANG_ENABLE_OBJC_WEAK = YES;
				CLANG_WARN_BLOCK_CAPTURE_AUTORELEASING = YES;
				CLANG_WARN_BOOL_CONVERSION = YES;
				CLANG_WARN_COMMA = YES;
				CLANG_WARN_CONSTANT_CONVERSION = YES;
				CLANG_WARN_DEPRECATED_OBJC_IMPLEMENTATIONS = YES;
				CLANG_WARN_DIRECT_OBJC_ISA_USAGE = YES_ERROR;
				CLANG_WARN_DOCUMENTATION_COMMENTS = YES;
				CLANG_WARN_EMPTY_BODY = YES;
				CLANG_WARN_ENUM_CONVERSION = YES;
				CLANG_WARN_INFINITE_RECURSION = YES;
				CLANG_WARN_INT_CONVERSION = YES;
				CLANG_WARN_NON_LITERAL_NULL_CONVERSION = YES;
				CLANG_WARN_OBJC_IMPLICIT_RETAIN_SELF = YES;
				CLANG_WARN_OBJC_LITERAL_CONVERSION = YES;
				CLANG_WARN_OBJC_ROOT_CLASS = YES_ERROR;
				CLANG_WARN_QUOTED_INCLUDE_IN_FRAMEWORK_HEADER = YES;
				CLANG_WARN_RANGE_LOOP_ANALYSIS = YES;
				CLANG_WARN_STRICT_PROTOTYPES = YES;
				CLANG_WARN_SUSPICIOUS_MOVE = YES;
				CLANG_WARN_UNGUARDED_AVAILABILITY = YES_AGGRESSIVE;
				CLANG_WARN_UNREACHABLE_CODE = YES;
				CLANG_WARN__DUPLICATE_METHOD_MATCH = YES;
				COPY_PHASE_STRIP = NO;
				DEBUG_INFORMATION_FORMAT = "dwarf-with-dsym";
				ENABLE_NS_ASSERTIONS = NO;
				ENABLE_STRICT_OBJC_MSGSEND = YES;
				GCC_C_LANGUAGE_STANDARD = gnu11;
				GCC_NO_COMMON_BLOCKS = YES;
				GCC_WARN_64_TO_32_BIT_CONVERSION = YES;
				GCC_WARN_ABOUT_RETURN_TYPE = YES_ERROR;
				GCC_WARN_UNDECLARED_SELECTOR = YES;
				GCC_WARN_UNINITIALIZED_AUTOS = YES_AGGRESSIVE;
				GCC_WARN_UNUSED_FUNCTION = YES;
				GCC_WARN_UNUSED_VARIABLE = YES;
				IPHONEOS_DEPLOYMENT_TARGET = 16.4;
				MTL_ENABLE_DEBUG_INFO = NO;
				MTL_FAST_MATH = YES;
				SDKROOT = iphoneos;
				SWIFT_COMPILATION_MODE = wholemodule;
				SWIFT_OPTIMIZATION_LEVEL = "-O";
				VALIDATE_PRODUCT = YES;
			};
			name = Release;
		};
		A2EFD3DD2A8B79D500FD33C3 /* Debug */ = {
			isa = XCBuildConfiguration;
			buildSettings = {
				ASSETCATALOG_COMPILER_APPICON_NAME = AppIcon;
				ASSETCATALOG_COMPILER_GLOBAL_ACCENT_COLOR_NAME = AccentColor;
				CODE_SIGN_STYLE = Automatic;
				CURRENT_PROJECT_VERSION = 1;
				DEVELOPMENT_ASSET_PATHS = "\"MonopolyGame/Preview Content\"";
				DEVELOPMENT_TEAM = QZ5G3XLVYQ;
				ENABLE_PREVIEWS = YES;
				GENERATE_INFOPLIST_FILE = YES;
				INFOPLIST_KEY_UIApplicationSceneManifest_Generation = YES;
				INFOPLIST_KEY_UIApplicationSupportsIndirectInputEvents = YES;
				INFOPLIST_KEY_UILaunchScreen_Generation = YES;
				INFOPLIST_KEY_UIRequiresFullScreen = NO;
				INFOPLIST_KEY_UISupportedInterfaceOrientations = UIInterfaceOrientationLandscapeRight;
				INFOPLIST_KEY_UIUserInterfaceStyle = Light;
				LD_RUNPATH_SEARCH_PATHS = (
					"$(inherited)",
					"@executable_path/Frameworks",
				);
				MARKETING_VERSION = 1.0;
				PRODUCT_BUNDLE_IDENTIFIER = com.thuc.asm2.MonopolyGame;
				PRODUCT_NAME = "$(TARGET_NAME)";
				SWIFT_EMIT_LOC_STRINGS = YES;
				SWIFT_VERSION = 5.0;
				TARGETED_DEVICE_FAMILY = "1,2";
			};
			name = Debug;
		};
		A2EFD3DE2A8B79D500FD33C3 /* Release */ = {
			isa = XCBuildConfiguration;
			buildSettings = {
				ASSETCATALOG_COMPILER_APPICON_NAME = AppIcon;
				ASSETCATALOG_COMPILER_GLOBAL_ACCENT_COLOR_NAME = AccentColor;
				CODE_SIGN_STYLE = Automatic;
				CURRENT_PROJECT_VERSION = 1;
				DEVELOPMENT_ASSET_PATHS = "\"MonopolyGame/Preview Content\"";
				DEVELOPMENT_TEAM = QZ5G3XLVYQ;
				ENABLE_PREVIEWS = YES;
				GENERATE_INFOPLIST_FILE = YES;
				INFOPLIST_KEY_UIApplicationSceneManifest_Generation = YES;
				INFOPLIST_KEY_UIApplicationSupportsIndirectInputEvents = YES;
				INFOPLIST_KEY_UILaunchScreen_Generation = YES;
				INFOPLIST_KEY_UIRequiresFullScreen = NO;
				INFOPLIST_KEY_UISupportedInterfaceOrientations = UIInterfaceOrientationLandscapeRight;
				INFOPLIST_KEY_UIUserInterfaceStyle = Light;
				LD_RUNPATH_SEARCH_PATHS = (
					"$(inherited)",
					"@executable_path/Frameworks",
				);
				MARKETING_VERSION = 1.0;
				PRODUCT_BUNDLE_IDENTIFIER = com.thuc.asm2.MonopolyGame;
				PRODUCT_NAME = "$(TARGET_NAME)";
				SWIFT_EMIT_LOC_STRINGS = YES;
				SWIFT_VERSION = 5.0;
				TARGETED_DEVICE_FAMILY = "1,2";
			};
			name = Release;
		};
/* End XCBuildConfiguration section */

/* Begin XCConfigurationList section */
		A2EFD3C92A8B79D400FD33C3 /* Build configuration list for PBXProject "MonopolyGame" */ = {
			isa = XCConfigurationList;
			buildConfigurations = (
				A2EFD3DA2A8B79D500FD33C3 /* Debug */,
				A2EFD3DB2A8B79D500FD33C3 /* Release */,
			);
			defaultConfigurationIsVisible = 0;
			defaultConfigurationName = Release;
		};
		A2EFD3DC2A8B79D500FD33C3 /* Build configuration list for PBXNativeTarget "MonopolyGame" */ = {
			isa = XCConfigurationList;
			buildConfigurations = (
				A2EFD3DD2A8B79D500FD33C3 /* Debug */,
				A2EFD3DE2A8B79D500FD33C3 /* Release */,
			);
			defaultConfigurationIsVisible = 0;
			defaultConfigurationName = Release;
		};
/* End XCConfigurationList section */

/* Begin XCRemoteSwiftPackageReference section */
		A26B202B2A97BDCB00BC5D26 /* XCRemoteSwiftPackageReference "SDWebImageSwiftUI" */ = {
			isa = XCRemoteSwiftPackageReference;
			repositoryURL = "https://github.com/SDWebImage/SDWebImageSwiftUI";
			requirement = {
				kind = upToNextMajorVersion;
				minimumVersion = 2.0.0;
			};
		};
/* End XCRemoteSwiftPackageReference section */

/* Begin XCSwiftPackageProductDependency section */
		A26B202C2A97BDCB00BC5D26 /* SDWebImageSwiftUI */ = {
			isa = XCSwiftPackageProductDependency;
			package = A26B202B2A97BDCB00BC5D26 /* XCRemoteSwiftPackageReference "SDWebImageSwiftUI" */;
			productName = SDWebImageSwiftUI;
		};
/* End XCSwiftPackageProductDependency section */
	};
	rootObject = A2EFD3C62A8B79D400FD33C3 /* Project object */;
}
